
Microsoft Visual Studio Solution File, Format Version 12.00
# Visual Studio 2017
Project("{FAE04EC0-301F-11D3-BF4B-00C04F79EFBC}") = "slackemoji.img", "slackemoji.img\slackemoji.img.csproj", "{430E265C-4C29-49CF-B6C6-0A916E8D1A6A}"
EndProject
Project("{FAE04EC0-301F-11D3-BF4B-00C04F79EFBC}") = "SlackEmoji.Lambda", "SlackEmoji.Lambda\SlackEmoji.Lambda.csproj", "{57F4D9DD-8B10-4AAF-AD76-5D3A8076ED30}"
EndProject
Global
	GlobalSection(SolutionConfigurationPlatforms) = preSolution
		Debug|Any CPU = Debug|Any CPU
		Release|Any CPU = Release|Any CPU
	EndGlobalSection
	GlobalSection(ProjectConfigurationPlatforms) = postSolution
		{430E265C-4C29-49CF-B6C6-0A916E8D1A6A}.Debug|Any CPU.ActiveCfg = Debug|Any CPU
		{430E265C-4C29-49CF-B6C6-0A916E8D1A6A}.Debug|Any CPU.Build.0 = Debug|Any CPU
		{430E265C-4C29-49CF-B6C6-0A916E8D1A6A}.Release|Any CPU.ActiveCfg = Release|Any CPU
		{430E265C-4C29-49CF-B6C6-0A916E8D1A6A}.Release|Any CPU.Build.0 = Release|Any CPU
		{57F4D9DD-8B10-4AAF-AD76-5D3A8076ED30}.Debug|Any CPU.ActiveCfg = Debug|Any CPU
		{57F4D9DD-8B10-4AAF-AD76-5D3A8076ED30}.Debug|Any CPU.Build.0 = Debug|Any CPU
		{57F4D9DD-8B10-4AAF-AD76-5D3A8076ED30}.Release|Any CPU.ActiveCfg = Release|Any CPU
		{57F4D9DD-8B10-4AAF-AD76-5D3A8076ED30}.Release|Any CPU.Build.0 = Release|Any CPU
	EndGlobalSection
EndGlobal
